
Microsoft Visual Studio Solution File, Format Version 12.00
# Visual Studio Version 17
VisualStudioVersion = 17.11.35222.181
MinimumVisualStudioVersion = 10.0.40219.1
Project("{2150E333-8FDC-42A3-9474-1A3956D46DE8}") = "Task0", "Task0", "{FB1BA650-B889-40A6-AF28-985CCF6B2AFB}"
EndProject
Project("{9A19103F-16F7-4668-BE54-9A1E7A4F7556}") = "Tyuiu.BarbashinAV.Sprint1.Task0.V29", "Tyuiu.BarbashinAV.Sprint1.Task0.V29\Tyuiu.BarbashinAV.Sprint1.Task0.V29.csproj", "{003EE691-5E3D-4663-B7C8-070F6215D8CD}"
EndProject
Project("{9A19103F-16F7-4668-BE54-9A1E7A4F7556}") = "Tyuiu.BarbashinAV.Sprint1.Task0.V29.Lib", "Tyuiu.BarbashinAV.Sprint1.Task0.V29.Lib\Tyuiu.BarbashinAV.Sprint1.Task0.V29.Lib.csproj", "{98BAE743-94D1-40EB-9696-A59706A89EC1}"
EndProject
Project("{9A19103F-16F7-4668-BE54-9A1E7A4F7556}") = "Tyuiu.BarbashinAV.Sprint1.Task0.V29.Test", "Tyuiu.BarbashinAV.Sprint1.Task0.V29.Test\Tyuiu.BarbashinAV.Sprint1.Task0.V29.Test.csproj", "{E6567970-FA23-45C0-A090-96400A20D27F}"
EndProject
Project("{2150E333-8FDC-42A3-9474-1A3956D46DE8}") = "Task1", "Task1", "{59A163D7-BCBF-4B6A-874E-7898FAF1CE00}"
EndProject
Project("{FAE04EC0-301F-11D3-BF4B-00C04F79EFBC}") = "Tyuiu.BarbashinAV.Sprint1.Task1.V14", "Tyuiu.BarbashinAV.Sprint1.Task1.V14\Tyuiu.BarbashinAV.Sprint1.Task1.V14.csproj", "{7F5AE135-6B4B-48F4-BCC3-E7D31B4DA221}"
EndProject
Project("{FAE04EC0-301F-11D3-BF4B-00C04F79EFBC}") = "Tyuiu.BarbashinAV.Sprint1.Task1.V14.Lib", "Tyuiu.BarbashinAV.Sprint1.Task1.V14.Lib\Tyuiu.BarbashinAV.Sprint1.Task1.V14.Lib.csproj", "{48235B74-0C08-4311-B312-70B22ED19A8F}"
EndProject
Project("{FAE04EC0-301F-11D3-BF4B-00C04F79EFBC}") = "Tyuiu.BarbashinAV.Sprint1.Task1.V14.Test", "Tyuiu.BarbashinAV.Sprint1.Task1.V14.Test\Tyuiu.BarbashinAV.Sprint1.Task1.V14.Test.csproj", "{53C7ACAE-847E-4956-A203-C3BD559B5731}"
EndProject
Project("{2150E333-8FDC-42A3-9474-1A3956D46DE8}") = "Task2", "Task2", "{0445F918-49DB-441F-981E-EE931A500B8D}"
EndProject
Project("{FAE04EC0-301F-11D3-BF4B-00C04F79EFBC}") = "Tyuiu.BarbashinAV.Sprint1.Task2.V11", "Tyuiu.BarbashinAV.Sprint1.Task2.V11\Tyuiu.BarbashinAV.Sprint1.Task2.V11.csproj", "{998D64AB-3EA5-454B-813A-BD6BF4C12013}"
EndProject
Project("{FAE04EC0-301F-11D3-BF4B-00C04F79EFBC}") = "Tyuiu.BarbashinAV.Sprint1.Task2.V11.Lib", "Tyuiu.BarbashinAV.Sprint1.Task2.V11.Lib\Tyuiu.BarbashinAV.Sprint1.Task2.V11.Lib.csproj", "{A1622F10-2190-4262-AB0B-7C034F309095}"
EndProject
Project("{FAE04EC0-301F-11D3-BF4B-00C04F79EFBC}") = "Tyuiu.BarbashinAV.Sprint1.Task2.V11.Test", "Tyuiu.BarbashinAV.Sprint1.Task2.V11.Test\Tyuiu.BarbashinAV.Sprint1.Task2.V11.Test.csproj", "{38C34EBE-D4C9-4D07-9E8D-5B8AC2F70CBD}"
EndProject
Global
	GlobalSection(SolutionConfigurationPlatforms) = preSolution
		Debug|Any CPU = Debug|Any CPU
		Release|Any CPU = Release|Any CPU
	EndGlobalSection
	GlobalSection(ProjectConfigurationPlatforms) = postSolution
		{003EE691-5E3D-4663-B7C8-070F6215D8CD}.Debug|Any CPU.ActiveCfg = Debug|Any CPU
		{003EE691-5E3D-4663-B7C8-070F6215D8CD}.Debug|Any CPU.Build.0 = Debug|Any CPU
		{003EE691-5E3D-4663-B7C8-070F6215D8CD}.Release|Any CPU.ActiveCfg = Release|Any CPU
		{003EE691-5E3D-4663-B7C8-070F6215D8CD}.Release|Any CPU.Build.0 = Release|Any CPU
		{98BAE743-94D1-40EB-9696-A59706A89EC1}.Debug|Any CPU.ActiveCfg = Debug|Any CPU
		{98BAE743-94D1-40EB-9696-A59706A89EC1}.Debug|Any CPU.Build.0 = Debug|Any CPU
		{98BAE743-94D1-40EB-9696-A59706A89EC1}.Release|Any CPU.ActiveCfg = Release|Any CPU
		{98BAE743-94D1-40EB-9696-A59706A89EC1}.Release|Any CPU.Build.0 = Release|Any CPU
		{E6567970-FA23-45C0-A090-96400A20D27F}.Debug|Any CPU.ActiveCfg = Debug|Any CPU
		{E6567970-FA23-45C0-A090-96400A20D27F}.Debug|Any CPU.Build.0 = Debug|Any CPU
		{E6567970-FA23-45C0-A090-96400A20D27F}.Release|Any CPU.ActiveCfg = Release|Any CPU
		{E6567970-FA23-45C0-A090-96400A20D27F}.Release|Any CPU.Build.0 = Release|Any CPU
		{7F5AE135-6B4B-48F4-BCC3-E7D31B4DA221}.Debug|Any CPU.ActiveCfg = Debug|Any CPU
		{7F5AE135-6B4B-48F4-BCC3-E7D31B4DA221}.Debug|Any CPU.Build.0 = Debug|Any CPU
		{7F5AE135-6B4B-48F4-BCC3-E7D31B4DA221}.Release|Any CPU.ActiveCfg = Release|Any CPU
		{7F5AE135-6B4B-48F4-BCC3-E7D31B4DA221}.Release|Any CPU.Build.0 = Release|Any CPU
		{48235B74-0C08-4311-B312-70B22ED19A8F}.Debug|Any CPU.ActiveCfg = Debug|Any CPU
		{48235B74-0C08-4311-B312-70B22ED19A8F}.Debug|Any CPU.Build.0 = Debug|Any CPU
		{48235B74-0C08-4311-B312-70B22ED19A8F}.Release|Any CPU.ActiveCfg = Release|Any CPU
		{48235B74-0C08-4311-B312-70B22ED19A8F}.Release|Any CPU.Build.0 = Release|Any CPU
		{53C7ACAE-847E-4956-A203-C3BD559B5731}.Debug|Any CPU.ActiveCfg = Debug|Any CPU
		{53C7ACAE-847E-4956-A203-C3BD559B5731}.Debug|Any CPU.Build.0 = Debug|Any CPU
		{53C7ACAE-847E-4956-A203-C3BD559B5731}.Release|Any CPU.ActiveCfg = Release|Any CPU
		{53C7ACAE-847E-4956-A203-C3BD559B5731}.Release|Any CPU.Build.0 = Release|Any CPU
		{998D64AB-3EA5-454B-813A-BD6BF4C12013}.Debug|Any CPU.ActiveCfg = Debug|Any CPU
		{998D64AB-3EA5-454B-813A-BD6BF4C12013}.Debug|Any CPU.Build.0 = Debug|Any CPU
		{998D64AB-3EA5-454B-813A-BD6BF4C12013}.Release|Any CPU.ActiveCfg = Release|Any CPU
		{998D64AB-3EA5-454B-813A-BD6BF4C12013}.Release|Any CPU.Build.0 = Release|Any CPU
		{A1622F10-2190-4262-AB0B-7C034F309095}.Debug|Any CPU.ActiveCfg = Debug|Any CPU
		{A1622F10-2190-4262-AB0B-7C034F309095}.Debug|Any CPU.Build.0 = Debug|Any CPU
		{A1622F10-2190-4262-AB0B-7C034F309095}.Release|Any CPU.ActiveCfg = Release|Any CPU
		{A1622F10-2190-4262-AB0B-7C034F309095}.Release|Any CPU.Build.0 = Release|Any CPU
		{38C34EBE-D4C9-4D07-9E8D-5B8AC2F70CBD}.Debug|Any CPU.ActiveCfg = Debug|Any CPU
		{38C34EBE-D4C9-4D07-9E8D-5B8AC2F70CBD}.Debug|Any CPU.Build.0 = Debug|Any CPU
		{38C34EBE-D4C9-4D07-9E8D-5B8AC2F70CBD}.Release|Any CPU.ActiveCfg = Release|Any CPU
		{38C34EBE-D4C9-4D07-9E8D-5B8AC2F70CBD}.Release|Any CPU.Build.0 = Release|Any CPU
	EndGlobalSection
	GlobalSection(SolutionProperties) = preSolution
		HideSolutionNode = FALSE
	EndGlobalSection
	GlobalSection(NestedProjects) = preSolution
		{003EE691-5E3D-4663-B7C8-070F6215D8CD} = {FB1BA650-B889-40A6-AF28-985CCF6B2AFB}
		{98BAE743-94D1-40EB-9696-A59706A89EC1} = {FB1BA650-B889-40A6-AF28-985CCF6B2AFB}
		{E6567970-FA23-45C0-A090-96400A20D27F} = {FB1BA650-B889-40A6-AF28-985CCF6B2AFB}
		{7F5AE135-6B4B-48F4-BCC3-E7D31B4DA221} = {59A163D7-BCBF-4B6A-874E-7898FAF1CE00}
		{48235B74-0C08-4311-B312-70B22ED19A8F} = {59A163D7-BCBF-4B6A-874E-7898FAF1CE00}
		{53C7ACAE-847E-4956-A203-C3BD559B5731} = {59A163D7-BCBF-4B6A-874E-7898FAF1CE00}
		{998D64AB-3EA5-454B-813A-BD6BF4C12013} = {0445F918-49DB-441F-981E-EE931A500B8D}
		{A1622F10-2190-4262-AB0B-7C034F309095} = {0445F918-49DB-441F-981E-EE931A500B8D}
		{38C34EBE-D4C9-4D07-9E8D-5B8AC2F70CBD} = {0445F918-49DB-441F-981E-EE931A500B8D}
	EndGlobalSection
	GlobalSection(ExtensibilityGlobals) = postSolution
		SolutionGuid = {E81322A4-30D6-4A22-B2C9-5CC6070E9BE1}
	EndGlobalSection
EndGlobal
