
Microsoft Visual Studio Solution File, Format Version 12.00
# Visual Studio Version 17
VisualStudioVersion = 17.11.35222.181
MinimumVisualStudioVersion = 10.0.40219.1
Project("{2150E333-8FDC-42A3-9474-1A3956D46DE8}") = "Task0", "Task0", "{FB1BA650-B889-40A6-AF28-985CCF6B2AFB}"
EndProject
Project("{9A19103F-16F7-4668-BE54-9A1E7A4F7556}") = "Tyuiu.BarbashinAV.Sprint1.Task0.V29", "Tyuiu.BarbashinAV.Sprint1.Task0.V29\Tyuiu.BarbashinAV.Sprint1.Task0.V29.csproj", "{003EE691-5E3D-4663-B7C8-070F6215D8CD}"
EndProject
Project("{9A19103F-16F7-4668-BE54-9A1E7A4F7556}") = "Tyuiu.BarbashinAV.Sprint1.Task0.V29.Lib", "Tyuiu.BarbashinAV.Sprint1.Task0.V29.Lib\Tyuiu.BarbashinAV.Sprint1.Task0.V29.Lib.csproj", "{98BAE743-94D1-40EB-9696-A59706A89EC1}"
EndProject
Project("{9A19103F-16F7-4668-BE54-9A1E7A4F7556}") = "Tyuiu.BarbashinAV.Sprint1.Task0.V29.Test", "Tyuiu.BarbashinAV.Sprint1.Task0.V29.Test\Tyuiu.BarbashinAV.Sprint1.Task0.V29.Test.csproj", "{E6567970-FA23-45C0-A090-96400A20D27F}"
EndProject
Project("{2150E333-8FDC-42A3-9474-1A3956D46DE8}") = "Task1", "Task1", "{59A163D7-BCBF-4B6A-874E-7898FAF1CE00}"
EndProject
Project("{FAE04EC0-301F-11D3-BF4B-00C04F79EFBC}") = "Tyuiu.BarbashinAV.Sprint1.Task1.V14", "Tyuiu.BarbashinAV.Sprint1.Task1.V14\Tyuiu.BarbashinAV.Sprint1.Task1.V14.csproj", "{7F5AE135-6B4B-48F4-BCC3-E7D31B4DA221}"
EndProject
Project("{FAE04EC0-301F-11D3-BF4B-00C04F79EFBC}") = "Tyuiu.BarbashinAV.Sprint1.Task1.V14.Lib", "Tyuiu.BarbashinAV.Sprint1.Task1.V14.Lib\Tyuiu.BarbashinAV.Sprint1.Task1.V14.Lib.csproj", "{48235B74-0C08-4311-B312-70B22ED19A8F}"
EndProject
Project("{FAE04EC0-301F-11D3-BF4B-00C04F79EFBC}") = "Tyuiu.BarbashinAV.Sprint1.Task1.V14.Test", "Tyuiu.BarbashinAV.Sprint1.Task1.V14.Test\Tyuiu.BarbashinAV.Sprint1.Task1.V14.Test.csproj", "{53C7ACAE-847E-4956-A203-C3BD559B5731}"
EndProject
Project("{2150E333-8FDC-42A3-9474-1A3956D46DE8}") = "Task2", "Task2", "{0445F918-49DB-441F-981E-EE931A500B8D}"
EndProject
Project("{FAE04EC0-301F-11D3-BF4B-00C04F79EFBC}") = "Tyuiu.BarbashinAV.Sprint1.Task2.V11", "Tyuiu.BarbashinAV.Sprint1.Task2.V11\Tyuiu.BarbashinAV.Sprint1.Task2.V11.csproj", "{998D64AB-3EA5-454B-813A-BD6BF4C12013}"
EndProject
Project("{FAE04EC0-301F-11D3-BF4B-00C04F79EFBC}") = "Tyuiu.BarbashinAV.Sprint1.Task2.V11.Lib", "Tyuiu.BarbashinAV.Sprint1.Task2.V11.Lib\Tyuiu.BarbashinAV.Sprint1.Task2.V11.Lib.csproj", "{A1622F10-2190-4262-AB0B-7C034F309095}"
EndProject
Project("{FAE04EC0-301F-11D3-BF4B-00C04F79EFBC}") = "Tyuiu.BarbashinAV.Sprint1.Task2.V11.Test", "Tyuiu.BarbashinAV.Sprint1.Task2.V11.Test\Tyuiu.BarbashinAV.Sprint1.Task2.V11.Test.csproj", "{38C34EBE-D4C9-4D07-9E8D-5B8AC2F70CBD}"
EndProject
Project("{2150E333-8FDC-42A3-9474-1A3956D46DE8}") = "Task3", "Task3", "{E16B2BE3-E9B7-42FE-A785-E590C3828517}"
EndProject
Project("{FAE04EC0-301F-11D3-BF4B-00C04F79EFBC}") = "Tyuiu.BarbashinAV.Sprint1.Task3.V1", "Tyuiu.BarbashinAV.Sprint1.Task3.V1\Tyuiu.BarbashinAV.Sprint1.Task3.V1.csproj", "{6444E2EE-18E7-4A94-AC1D-C6381B010112}"
EndProject
Project("{FAE04EC0-301F-11D3-BF4B-00C04F79EFBC}") = "Tyuiu.BarbashinAV.Sprint1.Task3.V1.Lib", "Tyuiu.BarbashinAV.Sprint1.Task3.V1.Lib\Tyuiu.BarbashinAV.Sprint1.Task3.V1.Lib.csproj", "{C203F69A-9BAA-484B-B102-982075173805}"
EndProject
Project("{FAE04EC0-301F-11D3-BF4B-00C04F79EFBC}") = "Tyuiu.BarbashinAV.Sprint1.Task3.V1.Test", "Tyuiu.BarbashinAV.Sprint1.Task3.V1.Test\Tyuiu.BarbashinAV.Sprint1.Task3.V1.Test.csproj", "{939DBA88-E768-4B0F-AABE-80F5352AA40E}"
EndProject
Project("{2150E333-8FDC-42A3-9474-1A3956D46DE8}") = "Task4", "Task4", "{F4451028-AAA3-47DC-9955-DEE36E9C74A8}"
EndProject
Project("{FAE04EC0-301F-11D3-BF4B-00C04F79EFBC}") = "Tyuiu.BarbashinAV.Sprint1.Task4.V23", "Tyuiu.BarbashinAV.Sprint1.Task4.V23\Tyuiu.BarbashinAV.Sprint1.Task4.V23.csproj", "{3990379C-AC25-48A0-98DE-A88D64DE090C}"
EndProject
Project("{FAE04EC0-301F-11D3-BF4B-00C04F79EFBC}") = "Tyuiu.BarbashinAV.Sprint1.Task4.V23.Lib", "Tyuiu.BarbashinAV.Sprint1.Task4.V23.Lib\Tyuiu.BarbashinAV.Sprint1.Task4.V23.Lib.csproj", "{26AA6711-BDE5-4BEC-A963-6D1BC8CE3045}"
EndProject
Project("{FAE04EC0-301F-11D3-BF4B-00C04F79EFBC}") = "Tyuiu.BarbashinAV.Sprint1.Task4.V23.Test", "Tyuiu.BarbashinAV.Sprint1.Task4.V23.Test\Tyuiu.BarbashinAV.Sprint1.Task4.V23.Test.csproj", "{DEE84428-9C47-4A02-81F3-72D36E5FB584}"
EndProject
Project("{2150E333-8FDC-42A3-9474-1A3956D46DE8}") = "Task5", "Task5", "{B50CB6F9-D6AB-4A46-8EAC-9254B8CECC3A}"
EndProject
Project("{FAE04EC0-301F-11D3-BF4B-00C04F79EFBC}") = "Tyuiu.BarbashinAV.Sprint1.Task5.V3", "Tyuiu.BarbashinAV.Sprint1.Task5.V3\Tyuiu.BarbashinAV.Sprint1.Task5.V3.csproj", "{D9941437-FAF3-419E-852D-3C66703BFF4A}"
EndProject
Project("{FAE04EC0-301F-11D3-BF4B-00C04F79EFBC}") = "Tyuiu.BarbashinAV.Sprint1.Task5.V3.Lib", "Tyuiu.BarbashinAV.Sprint1.Task5.V3.Lib\Tyuiu.BarbashinAV.Sprint1.Task5.V3.Lib.csproj", "{A96EEE83-8299-4913-AC6E-F411DB37E2C0}"
EndProject
Project("{FAE04EC0-301F-11D3-BF4B-00C04F79EFBC}") = "Tyuiu.BarbashinAV.Sprint1.Task5.V3.Test", "Tyuiu.BarbashinAV.Sprint1.Task5.V3.Test\Tyuiu.BarbashinAV.Sprint1.Task5.V3.Test.csproj", "{5B9373AD-171D-4045-9009-B46AF4D43C26}"
EndProject
Global
	GlobalSection(SolutionConfigurationPlatforms) = preSolution
		Debug|Any CPU = Debug|Any CPU
		Release|Any CPU = Release|Any CPU
	EndGlobalSection
	GlobalSection(ProjectConfigurationPlatforms) = postSolution
		{003EE691-5E3D-4663-B7C8-070F6215D8CD}.Debug|Any CPU.ActiveCfg = Debug|Any CPU
		{003EE691-5E3D-4663-B7C8-070F6215D8CD}.Debug|Any CPU.Build.0 = Debug|Any CPU
		{003EE691-5E3D-4663-B7C8-070F6215D8CD}.Release|Any CPU.ActiveCfg = Release|Any CPU
		{003EE691-5E3D-4663-B7C8-070F6215D8CD}.Release|Any CPU.Build.0 = Release|Any CPU
		{98BAE743-94D1-40EB-9696-A59706A89EC1}.Debug|Any CPU.ActiveCfg = Debug|Any CPU
		{98BAE743-94D1-40EB-9696-A59706A89EC1}.Debug|Any CPU.Build.0 = Debug|Any CPU
		{98BAE743-94D1-40EB-9696-A59706A89EC1}.Release|Any CPU.ActiveCfg = Release|Any CPU
		{98BAE743-94D1-40EB-9696-A59706A89EC1}.Release|Any CPU.Build.0 = Release|Any CPU
		{E6567970-FA23-45C0-A090-96400A20D27F}.Debug|Any CPU.ActiveCfg = Debug|Any CPU
		{E6567970-FA23-45C0-A090-96400A20D27F}.Debug|Any CPU.Build.0 = Debug|Any CPU
		{E6567970-FA23-45C0-A090-96400A20D27F}.Release|Any CPU.ActiveCfg = Release|Any CPU
		{E6567970-FA23-45C0-A090-96400A20D27F}.Release|Any CPU.Build.0 = Release|Any CPU
		{7F5AE135-6B4B-48F4-BCC3-E7D31B4DA221}.Debug|Any CPU.ActiveCfg = Debug|Any CPU
		{7F5AE135-6B4B-48F4-BCC3-E7D31B4DA221}.Debug|Any CPU.Build.0 = Debug|Any CPU
		{7F5AE135-6B4B-48F4-BCC3-E7D31B4DA221}.Release|Any CPU.ActiveCfg = Release|Any CPU
		{7F5AE135-6B4B-48F4-BCC3-E7D31B4DA221}.Release|Any CPU.Build.0 = Release|Any CPU
		{48235B74-0C08-4311-B312-70B22ED19A8F}.Debug|Any CPU.ActiveCfg = Debug|Any CPU
		{48235B74-0C08-4311-B312-70B22ED19A8F}.Debug|Any CPU.Build.0 = Debug|Any CPU
		{48235B74-0C08-4311-B312-70B22ED19A8F}.Release|Any CPU.ActiveCfg = Release|Any CPU
		{48235B74-0C08-4311-B312-70B22ED19A8F}.Release|Any CPU.Build.0 = Release|Any CPU
		{53C7ACAE-847E-4956-A203-C3BD559B5731}.Debug|Any CPU.ActiveCfg = Debug|Any CPU
		{53C7ACAE-847E-4956-A203-C3BD559B5731}.Debug|Any CPU.Build.0 = Debug|Any CPU
		{53C7ACAE-847E-4956-A203-C3BD559B5731}.Release|Any CPU.ActiveCfg = Release|Any CPU
		{53C7ACAE-847E-4956-A203-C3BD559B5731}.Release|Any CPU.Build.0 = Release|Any CPU
		{998D64AB-3EA5-454B-813A-BD6BF4C12013}.Debug|Any CPU.ActiveCfg = Debug|Any CPU
		{998D64AB-3EA5-454B-813A-BD6BF4C12013}.Debug|Any CPU.Build.0 = Debug|Any CPU
		{998D64AB-3EA5-454B-813A-BD6BF4C12013}.Release|Any CPU.ActiveCfg = Release|Any CPU
		{998D64AB-3EA5-454B-813A-BD6BF4C12013}.Release|Any CPU.Build.0 = Release|Any CPU
		{A1622F10-2190-4262-AB0B-7C034F309095}.Debug|Any CPU.ActiveCfg = Debug|Any CPU
		{A1622F10-2190-4262-AB0B-7C034F309095}.Debug|Any CPU.Build.0 = Debug|Any CPU
		{A1622F10-2190-4262-AB0B-7C034F309095}.Release|Any CPU.ActiveCfg = Release|Any CPU
		{A1622F10-2190-4262-AB0B-7C034F309095}.Release|Any CPU.Build.0 = Release|Any CPU
		{38C34EBE-D4C9-4D07-9E8D-5B8AC2F70CBD}.Debug|Any CPU.ActiveCfg = Debug|Any CPU
		{38C34EBE-D4C9-4D07-9E8D-5B8AC2F70CBD}.Debug|Any CPU.Build.0 = Debug|Any CPU
		{38C34EBE-D4C9-4D07-9E8D-5B8AC2F70CBD}.Release|Any CPU.ActiveCfg = Release|Any CPU
		{38C34EBE-D4C9-4D07-9E8D-5B8AC2F70CBD}.Release|Any CPU.Build.0 = Release|Any CPU
		{6444E2EE-18E7-4A94-AC1D-C6381B010112}.Debug|Any CPU.ActiveCfg = Debug|Any CPU
		{6444E2EE-18E7-4A94-AC1D-C6381B010112}.Debug|Any CPU.Build.0 = Debug|Any CPU
		{6444E2EE-18E7-4A94-AC1D-C6381B010112}.Release|Any CPU.ActiveCfg = Release|Any CPU
		{6444E2EE-18E7-4A94-AC1D-C6381B010112}.Release|Any CPU.Build.0 = Release|Any CPU
		{C203F69A-9BAA-484B-B102-982075173805}.Debug|Any CPU.ActiveCfg = Debug|Any CPU
		{C203F69A-9BAA-484B-B102-982075173805}.Debug|Any CPU.Build.0 = Debug|Any CPU
		{C203F69A-9BAA-484B-B102-982075173805}.Release|Any CPU.ActiveCfg = Release|Any CPU
		{C203F69A-9BAA-484B-B102-982075173805}.Release|Any CPU.Build.0 = Release|Any CPU
		{939DBA88-E768-4B0F-AABE-80F5352AA40E}.Debug|Any CPU.ActiveCfg = Debug|Any CPU
		{939DBA88-E768-4B0F-AABE-80F5352AA40E}.Debug|Any CPU.Build.0 = Debug|Any CPU
		{939DBA88-E768-4B0F-AABE-80F5352AA40E}.Release|Any CPU.ActiveCfg = Release|Any CPU
		{939DBA88-E768-4B0F-AABE-80F5352AA40E}.Release|Any CPU.Build.0 = Release|Any CPU
		{3990379C-AC25-48A0-98DE-A88D64DE090C}.Debug|Any CPU.ActiveCfg = Debug|Any CPU
		{3990379C-AC25-48A0-98DE-A88D64DE090C}.Debug|Any CPU.Build.0 = Debug|Any CPU
		{3990379C-AC25-48A0-98DE-A88D64DE090C}.Release|Any CPU.ActiveCfg = Release|Any CPU
		{3990379C-AC25-48A0-98DE-A88D64DE090C}.Release|Any CPU.Build.0 = Release|Any CPU
		{26AA6711-BDE5-4BEC-A963-6D1BC8CE3045}.Debug|Any CPU.ActiveCfg = Debug|Any CPU
		{26AA6711-BDE5-4BEC-A963-6D1BC8CE3045}.Debug|Any CPU.Build.0 = Debug|Any CPU
		{26AA6711-BDE5-4BEC-A963-6D1BC8CE3045}.Release|Any CPU.ActiveCfg = Release|Any CPU
		{26AA6711-BDE5-4BEC-A963-6D1BC8CE3045}.Release|Any CPU.Build.0 = Release|Any CPU
		{DEE84428-9C47-4A02-81F3-72D36E5FB584}.Debug|Any CPU.ActiveCfg = Debug|Any CPU
		{DEE84428-9C47-4A02-81F3-72D36E5FB584}.Debug|Any CPU.Build.0 = Debug|Any CPU
		{DEE84428-9C47-4A02-81F3-72D36E5FB584}.Release|Any CPU.ActiveCfg = Release|Any CPU
		{DEE84428-9C47-4A02-81F3-72D36E5FB584}.Release|Any CPU.Build.0 = Release|Any CPU
		{D9941437-FAF3-419E-852D-3C66703BFF4A}.Debug|Any CPU.ActiveCfg = Debug|Any CPU
		{D9941437-FAF3-419E-852D-3C66703BFF4A}.Debug|Any CPU.Build.0 = Debug|Any CPU
		{D9941437-FAF3-419E-852D-3C66703BFF4A}.Release|Any CPU.ActiveCfg = Release|Any CPU
		{D9941437-FAF3-419E-852D-3C66703BFF4A}.Release|Any CPU.Build.0 = Release|Any CPU
		{A96EEE83-8299-4913-AC6E-F411DB37E2C0}.Debug|Any CPU.ActiveCfg = Debug|Any CPU
		{A96EEE83-8299-4913-AC6E-F411DB37E2C0}.Debug|Any CPU.Build.0 = Debug|Any CPU
		{A96EEE83-8299-4913-AC6E-F411DB37E2C0}.Release|Any CPU.ActiveCfg = Release|Any CPU
		{A96EEE83-8299-4913-AC6E-F411DB37E2C0}.Release|Any CPU.Build.0 = Release|Any CPU
		{5B9373AD-171D-4045-9009-B46AF4D43C26}.Debug|Any CPU.ActiveCfg = Debug|Any CPU
		{5B9373AD-171D-4045-9009-B46AF4D43C26}.Debug|Any CPU.Build.0 = Debug|Any CPU
		{5B9373AD-171D-4045-9009-B46AF4D43C26}.Release|Any CPU.ActiveCfg = Release|Any CPU
		{5B9373AD-171D-4045-9009-B46AF4D43C26}.Release|Any CPU.Build.0 = Release|Any CPU
	EndGlobalSection
	GlobalSection(SolutionProperties) = preSolution
		HideSolutionNode = FALSE
	EndGlobalSection
	GlobalSection(NestedProjects) = preSolution
		{003EE691-5E3D-4663-B7C8-070F6215D8CD} = {FB1BA650-B889-40A6-AF28-985CCF6B2AFB}
		{98BAE743-94D1-40EB-9696-A59706A89EC1} = {FB1BA650-B889-40A6-AF28-985CCF6B2AFB}
		{E6567970-FA23-45C0-A090-96400A20D27F} = {FB1BA650-B889-40A6-AF28-985CCF6B2AFB}
		{7F5AE135-6B4B-48F4-BCC3-E7D31B4DA221} = {59A163D7-BCBF-4B6A-874E-7898FAF1CE00}
		{48235B74-0C08-4311-B312-70B22ED19A8F} = {59A163D7-BCBF-4B6A-874E-7898FAF1CE00}
		{53C7ACAE-847E-4956-A203-C3BD559B5731} = {59A163D7-BCBF-4B6A-874E-7898FAF1CE00}
		{998D64AB-3EA5-454B-813A-BD6BF4C12013} = {0445F918-49DB-441F-981E-EE931A500B8D}
		{A1622F10-2190-4262-AB0B-7C034F309095} = {0445F918-49DB-441F-981E-EE931A500B8D}
		{38C34EBE-D4C9-4D07-9E8D-5B8AC2F70CBD} = {0445F918-49DB-441F-981E-EE931A500B8D}
		{6444E2EE-18E7-4A94-AC1D-C6381B010112} = {E16B2BE3-E9B7-42FE-A785-E590C3828517}
		{C203F69A-9BAA-484B-B102-982075173805} = {E16B2BE3-E9B7-42FE-A785-E590C3828517}
		{939DBA88-E768-4B0F-AABE-80F5352AA40E} = {E16B2BE3-E9B7-42FE-A785-E590C3828517}
		{3990379C-AC25-48A0-98DE-A88D64DE090C} = {F4451028-AAA3-47DC-9955-DEE36E9C74A8}
		{26AA6711-BDE5-4BEC-A963-6D1BC8CE3045} = {F4451028-AAA3-47DC-9955-DEE36E9C74A8}
		{DEE84428-9C47-4A02-81F3-72D36E5FB584} = {F4451028-AAA3-47DC-9955-DEE36E9C74A8}
		{D9941437-FAF3-419E-852D-3C66703BFF4A} = {B50CB6F9-D6AB-4A46-8EAC-9254B8CECC3A}
		{A96EEE83-8299-4913-AC6E-F411DB37E2C0} = {B50CB6F9-D6AB-4A46-8EAC-9254B8CECC3A}
		{5B9373AD-171D-4045-9009-B46AF4D43C26} = {B50CB6F9-D6AB-4A46-8EAC-9254B8CECC3A}
	EndGlobalSection
	GlobalSection(ExtensibilityGlobals) = postSolution
		SolutionGuid = {E81322A4-30D6-4A22-B2C9-5CC6070E9BE1}
	EndGlobalSection
EndGlobal
